{
  "nodes": {
    "nixpkgs": {
      "locked": {
        "lastModified": 1673800717,
        "narHash": "sha256-SFHraUqLSu5cC6IxTprex/nTsI81ZQAtDvlBvGDWfnA=",
        "path": "/nix/store/d6vlzbp9x6ixk1d1gr7if0f2ji6s8q4v-source",
        "rev": "2f9fd351ec37f5d479556cd48be4ca340da59b8f",
        "type": "path"
      },
      "original": {
        "id": "nixpkgs",
        "type": "indirect"
      }
    },
    "root": {
      "inputs": {
        "nixpkgs": "nixpkgs"
      }
    }
  },
  "root": "root",
  "version": 7
}
